
Microsoft Visual Studio Solution File, Format Version 12.00
# Visual Studio Version 16
VisualStudioVersion = 16.0.31129.286
MinimumVisualStudioVersion = 10.0.40219.1
Project("{9A19103F-16F7-4668-BE54-9A1E7A4F7556}") = "1 Collectins and generic", "1 Collection and Generics\1 Collectins and generic.csproj", "{3B8F74E9-8916-488D-8754-02C2A25E5080}"
EndProject
Project("{9A19103F-16F7-4668-BE54-9A1E7A4F7556}") = "2 Generic", "2 Generics\2 Generic.csproj", "{06CFA861-F50C-4F92-981E-5BED8CC0A0E8}"
EndProject
Project("{9A19103F-16F7-4668-BE54-9A1E7A4F7556}") = "3 Generic parametrs", "3 Generic parametrs\3 Generic parametrs.csproj", "{2805902B-1DBE-4BC1-833F-7B65B1BA4E28}"
EndProject
Project("{9A19103F-16F7-4668-BE54-9A1E7A4F7556}") = "4 Generic methods", "4 Generic methods\4 Generic methods.csproj", "{868D68B0-0972-4B64-AAAE-63AAD638EFC3}"
EndProject
Project("{9A19103F-16F7-4668-BE54-9A1E7A4F7556}") = "0 Structures", "0 Structures\0 Structures.csproj", "{F2FD4175-6B02-423F-90FD-F8E7A126B621}"
EndProject
Project("{9A19103F-16F7-4668-BE54-9A1E7A4F7556}") = "5 Delegates", "5 Delegates\5 Delegates.csproj", "{B7442EF6-A154-44CA-A1D4-BA3ECB8B4761}"
EndProject
Global
	GlobalSection(SolutionConfigurationPlatforms) = preSolution
		Debug|Any CPU = Debug|Any CPU
		Release|Any CPU = Release|Any CPU
	EndGlobalSection
	GlobalSection(ProjectConfigurationPlatforms) = postSolution
		{3B8F74E9-8916-488D-8754-02C2A25E5080}.Debug|Any CPU.ActiveCfg = Debug|Any CPU
		{3B8F74E9-8916-488D-8754-02C2A25E5080}.Debug|Any CPU.Build.0 = Debug|Any CPU
		{3B8F74E9-8916-488D-8754-02C2A25E5080}.Release|Any CPU.ActiveCfg = Release|Any CPU
		{3B8F74E9-8916-488D-8754-02C2A25E5080}.Release|Any CPU.Build.0 = Release|Any CPU
		{06CFA861-F50C-4F92-981E-5BED8CC0A0E8}.Debug|Any CPU.ActiveCfg = Debug|Any CPU
		{06CFA861-F50C-4F92-981E-5BED8CC0A0E8}.Debug|Any CPU.Build.0 = Debug|Any CPU
		{06CFA861-F50C-4F92-981E-5BED8CC0A0E8}.Release|Any CPU.ActiveCfg = Release|Any CPU
		{06CFA861-F50C-4F92-981E-5BED8CC0A0E8}.Release|Any CPU.Build.0 = Release|Any CPU
		{2805902B-1DBE-4BC1-833F-7B65B1BA4E28}.Debug|Any CPU.ActiveCfg = Debug|Any CPU
		{2805902B-1DBE-4BC1-833F-7B65B1BA4E28}.Debug|Any CPU.Build.0 = Debug|Any CPU
		{2805902B-1DBE-4BC1-833F-7B65B1BA4E28}.Release|Any CPU.ActiveCfg = Release|Any CPU
		{2805902B-1DBE-4BC1-833F-7B65B1BA4E28}.Release|Any CPU.Build.0 = Release|Any CPU
		{868D68B0-0972-4B64-AAAE-63AAD638EFC3}.Debug|Any CPU.ActiveCfg = Debug|Any CPU
		{868D68B0-0972-4B64-AAAE-63AAD638EFC3}.Debug|Any CPU.Build.0 = Debug|Any CPU
		{868D68B0-0972-4B64-AAAE-63AAD638EFC3}.Release|Any CPU.ActiveCfg = Release|Any CPU
		{868D68B0-0972-4B64-AAAE-63AAD638EFC3}.Release|Any CPU.Build.0 = Release|Any CPU
		{F2FD4175-6B02-423F-90FD-F8E7A126B621}.Debug|Any CPU.ActiveCfg = Debug|Any CPU
		{F2FD4175-6B02-423F-90FD-F8E7A126B621}.Debug|Any CPU.Build.0 = Debug|Any CPU
		{F2FD4175-6B02-423F-90FD-F8E7A126B621}.Release|Any CPU.ActiveCfg = Release|Any CPU
		{F2FD4175-6B02-423F-90FD-F8E7A126B621}.Release|Any CPU.Build.0 = Release|Any CPU
		{B7442EF6-A154-44CA-A1D4-BA3ECB8B4761}.Debug|Any CPU.ActiveCfg = Debug|Any CPU
		{B7442EF6-A154-44CA-A1D4-BA3ECB8B4761}.Debug|Any CPU.Build.0 = Debug|Any CPU
		{B7442EF6-A154-44CA-A1D4-BA3ECB8B4761}.Release|Any CPU.ActiveCfg = Release|Any CPU
		{B7442EF6-A154-44CA-A1D4-BA3ECB8B4761}.Release|Any CPU.Build.0 = Release|Any CPU
	EndGlobalSection
	GlobalSection(SolutionProperties) = preSolution
		HideSolutionNode = FALSE
	EndGlobalSection
	GlobalSection(ExtensibilityGlobals) = postSolution
		SolutionGuid = {EF1B92CB-D150-4927-BCDC-E07F7A444E4E}
	EndGlobalSection
EndGlobal
